
Microsoft Visual Studio Solution File, Format Version 12.00
# Visual Studio 2012
Project("{FAE04EC0-301F-11D3-BF4B-00C04F79EFBC}") = "DAL", "DAL\DAL.csproj", "{2CBC25C8-36D4-48A0-8BE6-FD986E2EED1E}"
EndProject
Project("{E24C65DC-7377-472B-9ABA-BC803B73C61A}") = "Oims", "Oims\", "{508157FD-C3FA-4BEE-B2D7-44E3745E25CB}"
	ProjectSection(WebsiteProperties) = preProject
		TargetFrameworkMoniker = ".NETFramework,Version%3Dv4.0"
		ProjectReferences = "{AD6912A7-6E21-49E2-AFF0-A74E4F8C5EC6}|Ims.BL.dll;{2CBC25C8-36D4-48A0-8BE6-FD986E2EED1E}|Ims.DAL.dll;"
		Debug.AspNetCompiler.VirtualPath = "/Oims"
		Debug.AspNetCompiler.PhysicalPath = "Oims\"
		Debug.AspNetCompiler.TargetPath = "PrecompiledWeb\Oims\"
		Debug.AspNetCompiler.Updateable = "true"
		Debug.AspNetCompiler.ForceOverwrite = "true"
		Debug.AspNetCompiler.FixedNames = "false"
		Debug.AspNetCompiler.Debug = "True"
		Release.AspNetCompiler.VirtualPath = "/Oims"
		Release.AspNetCompiler.PhysicalPath = "Oims\"
		Release.AspNetCompiler.TargetPath = "PrecompiledWeb\Oims\"
		Release.AspNetCompiler.Updateable = "true"
		Release.AspNetCompiler.ForceOverwrite = "true"
		Release.AspNetCompiler.FixedNames = "false"
		Release.AspNetCompiler.Debug = "False"
		VWDPort = "24339"
	EndProjectSection
EndProject
Project("{FAE04EC0-301F-11D3-BF4B-00C04F79EFBC}") = "BL", "BL\BL.csproj", "{AD6912A7-6E21-49E2-AFF0-A74E4F8C5EC6}"
EndProject
Global
	GlobalSection(SolutionConfigurationPlatforms) = preSolution
		Debug|Any CPU = Debug|Any CPU
		Debug|Mixed Platforms = Debug|Mixed Platforms
		Debug|x86 = Debug|x86
		Release|Any CPU = Release|Any CPU
		Release|Mixed Platforms = Release|Mixed Platforms
		Release|x86 = Release|x86
	EndGlobalSection
	GlobalSection(ProjectConfigurationPlatforms) = postSolution
		{2CBC25C8-36D4-48A0-8BE6-FD986E2EED1E}.Debug|Any CPU.ActiveCfg = Debug|Any CPU
		{2CBC25C8-36D4-48A0-8BE6-FD986E2EED1E}.Debug|Any CPU.Build.0 = Debug|Any CPU
		{2CBC25C8-36D4-48A0-8BE6-FD986E2EED1E}.Debug|Mixed Platforms.ActiveCfg = Debug|Any CPU
		{2CBC25C8-36D4-48A0-8BE6-FD986E2EED1E}.Debug|Mixed Platforms.Build.0 = Debug|Any CPU
		{2CBC25C8-36D4-48A0-8BE6-FD986E2EED1E}.Debug|x86.ActiveCfg = Debug|Any CPU
		{2CBC25C8-36D4-48A0-8BE6-FD986E2EED1E}.Release|Any CPU.ActiveCfg = Release|Any CPU
		{2CBC25C8-36D4-48A0-8BE6-FD986E2EED1E}.Release|Any CPU.Build.0 = Release|Any CPU
		{2CBC25C8-36D4-48A0-8BE6-FD986E2EED1E}.Release|Mixed Platforms.ActiveCfg = Release|Any CPU
		{2CBC25C8-36D4-48A0-8BE6-FD986E2EED1E}.Release|Mixed Platforms.Build.0 = Release|Any CPU
		{2CBC25C8-36D4-48A0-8BE6-FD986E2EED1E}.Release|x86.ActiveCfg = Release|Any CPU
		{508157FD-C3FA-4BEE-B2D7-44E3745E25CB}.Debug|Any CPU.ActiveCfg = Debug|Any CPU
		{508157FD-C3FA-4BEE-B2D7-44E3745E25CB}.Debug|Any CPU.Build.0 = Debug|Any CPU
		{508157FD-C3FA-4BEE-B2D7-44E3745E25CB}.Debug|Mixed Platforms.ActiveCfg = Debug|Any CPU
		{508157FD-C3FA-4BEE-B2D7-44E3745E25CB}.Debug|Mixed Platforms.Build.0 = Debug|Any CPU
		{508157FD-C3FA-4BEE-B2D7-44E3745E25CB}.Debug|x86.ActiveCfg = Debug|Any CPU
		{508157FD-C3FA-4BEE-B2D7-44E3745E25CB}.Release|Any CPU.ActiveCfg = Debug|Any CPU
		{508157FD-C3FA-4BEE-B2D7-44E3745E25CB}.Release|Any CPU.Build.0 = Debug|Any CPU
		{508157FD-C3FA-4BEE-B2D7-44E3745E25CB}.Release|Mixed Platforms.ActiveCfg = Debug|Any CPU
		{508157FD-C3FA-4BEE-B2D7-44E3745E25CB}.Release|Mixed Platforms.Build.0 = Debug|Any CPU
		{508157FD-C3FA-4BEE-B2D7-44E3745E25CB}.Release|x86.ActiveCfg = Debug|Any CPU
		{AD6912A7-6E21-49E2-AFF0-A74E4F8C5EC6}.Debug|Any CPU.ActiveCfg = Debug|Any CPU
		{AD6912A7-6E21-49E2-AFF0-A74E4F8C5EC6}.Debug|Any CPU.Build.0 = Debug|Any CPU
		{AD6912A7-6E21-49E2-AFF0-A74E4F8C5EC6}.Debug|Mixed Platforms.ActiveCfg = Debug|Any CPU
		{AD6912A7-6E21-49E2-AFF0-A74E4F8C5EC6}.Debug|Mixed Platforms.Build.0 = Debug|Any CPU
		{AD6912A7-6E21-49E2-AFF0-A74E4F8C5EC6}.Debug|x86.ActiveCfg = Debug|Any CPU
		{AD6912A7-6E21-49E2-AFF0-A74E4F8C5EC6}.Release|Any CPU.ActiveCfg = Release|Any CPU
		{AD6912A7-6E21-49E2-AFF0-A74E4F8C5EC6}.Release|Any CPU.Build.0 = Release|Any CPU
		{AD6912A7-6E21-49E2-AFF0-A74E4F8C5EC6}.Release|Mixed Platforms.ActiveCfg = Release|Any CPU
		{AD6912A7-6E21-49E2-AFF0-A74E4F8C5EC6}.Release|Mixed Platforms.Build.0 = Release|Any CPU
		{AD6912A7-6E21-49E2-AFF0-A74E4F8C5EC6}.Release|x86.ActiveCfg = Release|Any CPU
	EndGlobalSection
	GlobalSection(SolutionProperties) = preSolution
		HideSolutionNode = FALSE
	EndGlobalSection
EndGlobal
